
Microsoft Visual Studio Solution File, Format Version 12.00
# Visual Studio Version 17
VisualStudioVersion = 17.14.36408.4 d17.14
MinimumVisualStudioVersion = 10.0.40219.1
Project("{FAE04EC0-301F-11D3-BF4B-00C04F79EFBC}") = "Libaryy", "Libaryy\Libaryy.csproj", "{BC00EAF7-DA49-4DD9-955E-EA5D2ACE5E92}"
EndProject
Global
	GlobalSection(SolutionConfigurationPlatforms) = preSolution
		Debug|Any CPU = Debug|Any CPU
		Release|Any CPU = Release|Any CPU
	EndGlobalSection
	GlobalSection(ProjectConfigurationPlatforms) = postSolution
		{BC00EAF7-DA49-4DD9-955E-EA5D2ACE5E92}.Debug|Any CPU.ActiveCfg = Debug|Any CPU
		{BC00EAF7-DA49-4DD9-955E-EA5D2ACE5E92}.Debug|Any CPU.Build.0 = Debug|Any CPU
		{BC00EAF7-DA49-4DD9-955E-EA5D2ACE5E92}.Release|Any CPU.ActiveCfg = Release|Any CPU
		{BC00EAF7-DA49-4DD9-955E-EA5D2ACE5E92}.Release|Any CPU.Build.0 = Release|Any CPU
	EndGlobalSection
	GlobalSection(SolutionProperties) = preSolution
		HideSolutionNode = FALSE
	EndGlobalSection
	GlobalSection(ExtensibilityGlobals) = postSolution
		SolutionGuid = {26CA298C-2069-46D8-AB91-15D4217A585D}
	EndGlobalSection
EndGlobal
